// !$*UTF8*$!
{
	archiveVersion = 1;
	classes = {
	};
	objectVersion = 50;
	objects = {

/* Begin PBXBuildFile section */
		85B8E32E23266BA9004A070B /* Game.cpp in Sources */ = {isa = PBXBuildFile; fileRef = 85B8E32C23266BA9004A070B /* Game.cpp */; };
		85B8E33223266BEA004A070B /* Board.cpp in Sources */ = {isa = PBXBuildFile; fileRef = 85B8E33023266BEA004A070B /* Board.cpp */; };
		85B8E33523266FC7004A070B /* libSDL2-2.0.0.dylib in Frameworks */ = {isa = PBXBuildFile; fileRef = 85B8E33423266FC7004A070B /* libSDL2-2.0.0.dylib */; };
		85C76DAB23265B6800B7C739 /* main.cpp in Sources */ = {isa = PBXBuildFile; fileRef = 85C76DAA23265B6800B7C739 /* main.cpp */; };
		85C76DB6232660C200B7C739 /* Pieces.cpp in Sources */ = {isa = PBXBuildFile; fileRef = 85C76DB4232660C200B7C739 /* Pieces.cpp */; };
/* End PBXBuildFile section */

/* Begin PBXCopyFilesBuildPhase section */
		85C76DA523265B6800B7C739 /* CopyFiles */ = {
			isa = PBXCopyFilesBuildPhase;
			buildActionMask = 2147483647;
			dstPath = /usr/share/man/man1/;
			dstSubfolderSpec = 0;
			files = (
			);
			runOnlyForDeploymentPostprocessing = 1;
		};
/* End PBXCopyFilesBuildPhase section */

/* Begin PBXFileReference section */
		85B8E32C23266BA9004A070B /* Game.cpp */ = {isa = PBXFileReference; lastKnownFileType = sourcecode.cpp.cpp; path = Game.cpp; sourceTree = "<group>"; };
		85B8E32D23266BA9004A070B /* Game.hpp */ = {isa = PBXFileReference; lastKnownFileType = sourcecode.cpp.h; path = Game.hpp; sourceTree = "<group>"; };
		85B8E33023266BEA004A070B /* Board.cpp */ = {isa = PBXFileReference; lastKnownFileType = sourcecode.cpp.cpp; path = Board.cpp; sourceTree = "<group>"; };
		85B8E33123266BEA004A070B /* Board.hpp */ = {isa = PBXFileReference; lastKnownFileType = sourcecode.cpp.h; path = Board.hpp; sourceTree = "<group>"; };
		85B8E33423266FC7004A070B /* libSDL2-2.0.0.dylib */ = {isa = PBXFileReference; lastKnownFileType = "compiled.mach-o.dylib"; name = "libSDL2-2.0.0.dylib"; path = "../../../../usr/local/Cellar/sdl2/2.0.10/lib/libSDL2-2.0.0.dylib"; sourceTree = "<group>"; };
		85C76DA723265B6800B7C739 /* tetris */ = {isa = PBXFileReference; explicitFileType = "compiled.mach-o.executable"; includeInIndex = 0; path = tetris; sourceTree = BUILT_PRODUCTS_DIR; };
		85C76DAA23265B6800B7C739 /* main.cpp */ = {isa = PBXFileReference; lastKnownFileType = sourcecode.cpp.cpp; path = main.cpp; sourceTree = "<group>"; };
		85C76DB323265F0200B7C739 /* Pieces.hpp */ = {isa = PBXFileReference; lastKnownFileType = sourcecode.cpp.h; path = Pieces.hpp; sourceTree = "<group>"; };
		85C76DB4232660C200B7C739 /* Pieces.cpp */ = {isa = PBXFileReference; lastKnownFileType = sourcecode.cpp.cpp; path = Pieces.cpp; sourceTree = "<group>"; };
/* End PBXFileReference section */

/* Begin PBXFrameworksBuildPhase section */
		85C76DA423265B6800B7C739 /* Frameworks */ = {
			isa = PBXFrameworksBuildPhase;
			buildActionMask = 2147483647;
			files = (
				85B8E33523266FC7004A070B /* libSDL2-2.0.0.dylib in Frameworks */,
			);
			runOnlyForDeploymentPostprocessing = 0;
		};
/* End PBXFrameworksBuildPhase section */

/* Begin PBXGroup section */
		85B8E32723266ABE004A070B /* models */ = {
			isa = PBXGroup;
			children = (
				85C76DB323265F0200B7C739 /* Pieces.hpp */,
				85C76DB4232660C200B7C739 /* Pieces.cpp */,
			);
			path = models;
			sourceTree = "<group>";
		};
		85B8E32823266AD0004A070B /* controllers */ = {
			isa = PBXGroup;
			children = (
				85B8E32C23266BA9004A070B /* Game.cpp */,
				85B8E32D23266BA9004A070B /* Game.hpp */,
			);
			path = controllers;
			sourceTree = "<group>";
		};
		85B8E32F23266BD9004A070B /* views */ = {
			isa = PBXGroup;
			children = (
				85B8E33023266BEA004A070B /* Board.cpp */,
				85B8E33123266BEA004A070B /* Board.hpp */,
			);
			path = views;
			sourceTree = "<group>";
		};
		85B8E33323266FC7004A070B /* Frameworks */ = {
			isa = PBXGroup;
			children = (
				85B8E33423266FC7004A070B /* libSDL2-2.0.0.dylib */,
			);
			name = Frameworks;
			sourceTree = "<group>";
		};
		85C76D9E23265B6800B7C739 = {
			isa = PBXGroup;
			children = (
				85C76DA923265B6800B7C739 /* tetris */,
				85C76DA823265B6800B7C739 /* Products */,
				85B8E33323266FC7004A070B /* Frameworks */,
			);
			sourceTree = "<group>";
		};
		85C76DA823265B6800B7C739 /* Products */ = {
			isa = PBXGroup;
			children = (
				85C76DA723265B6800B7C739 /* tetris */,
			);
			name = Products;
			sourceTree = "<group>";
		};
		85C76DA923265B6800B7C739 /* tetris */ = {
			isa = PBXGroup;
			children = (
				85B8E32F23266BD9004A070B /* views */,
				85B8E32823266AD0004A070B /* controllers */,
				85B8E32723266ABE004A070B /* models */,
				85C76DAA23265B6800B7C739 /* main.cpp */,
			);
			path = tetris;
			sourceTree = "<group>";
		};
/* End PBXGroup section */

/* Begin PBXNativeTarget section */
		85C76DA623265B6800B7C739 /* tetris */ = {
			isa = PBXNativeTarget;
			buildConfigurationList = 85C76DAE23265B6800B7C739 /* Build configuration list for PBXNativeTarget "tetris" */;
			buildPhases = (
				85C76DA323265B6800B7C739 /* Sources */,
				85C76DA423265B6800B7C739 /* Frameworks */,
				85C76DA523265B6800B7C739 /* CopyFiles */,
			);
			buildRules = (
			);
			dependencies = (
			);
			name = tetris;
			productName = tetris;
			productReference = 85C76DA723265B6800B7C739 /* tetris */;
			productType = "com.apple.product-type.tool";
		};
/* End PBXNativeTarget section */

/* Begin PBXProject section */
		85C76D9F23265B6800B7C739 /* Project object */ = {
			isa = PBXProject;
			attributes = {
				LastUpgradeCheck = 1030;
				ORGANIZATIONNAME = "Daan Soeten";
				TargetAttributes = {
					85C76DA623265B6800B7C739 = {
						CreatedOnToolsVersion = 10.3;
					};
				};
			};
			buildConfigurationList = 85C76DA223265B6800B7C739 /* Build configuration list for PBXProject "tetris" */;
			compatibilityVersion = "Xcode 9.3";
			developmentRegion = en;
			hasScannedForEncodings = 0;
			knownRegions = (
				en,
			);
			mainGroup = 85C76D9E23265B6800B7C739;
			productRefGroup = 85C76DA823265B6800B7C739 /* Products */;
			projectDirPath = "";
			projectRoot = "";
			targets = (
				85C76DA623265B6800B7C739 /* tetris */,
			);
		};
/* End PBXProject section */

/* Begin PBXSourcesBuildPhase section */
		85C76DA323265B6800B7C739 /* Sources */ = {
			isa = PBXSourcesBuildPhase;
			buildActionMask = 2147483647;
			files = (
				85B8E32E23266BA9004A070B /* Game.cpp in Sources */,
				85C76DB6232660C200B7C739 /* Pieces.cpp in Sources */,
				85B8E33223266BEA004A070B /* Board.cpp in Sources */,
				85C76DAB23265B6800B7C739 /* main.cpp in Sources */,
			);
			runOnlyForDeploymentPostprocessing = 0;
		};
/* End PBXSourcesBuildPhase section */

/* Begin XCBuildConfiguration section */
		85C76DAC23265B6800B7C739 /* Debug */ = {
			isa = XCBuildConfiguration;
			buildSettings = {
				ALWAYS_SEARCH_USER_PATHS = NO;
				CLANG_ANALYZER_NONNULL = YES;
				CLANG_ANALYZER_NUMBER_OBJECT_CONVERSION = YES_AGGRESSIVE;
				CLANG_CXX_LANGUAGE_STANDARD = "gnu++14";
				CLANG_CXX_LIBRARY = "libc++";
				CLANG_ENABLE_MODULES = YES;
				CLANG_ENABLE_OBJC_ARC = YES;
				CLANG_ENABLE_OBJC_WEAK = YES;
				CLANG_WARN_BLOCK_CAPTURE_AUTORELEASING = YES;
				CLANG_WARN_BOOL_CONVERSION = YES;
				CLANG_WARN_COMMA = YES;
				CLANG_WARN_CONSTANT_CONVERSION = YES;
				CLANG_WARN_DEPRECATED_OBJC_IMPLEMENTATIONS = YES;
				CLANG_WARN_DIRECT_OBJC_ISA_USAGE = YES_ERROR;
				CLANG_WARN_DOCUMENTATION_COMMENTS = YES;
				CLANG_WARN_EMPTY_BODY = YES;
				CLANG_WARN_ENUM_CONVERSION = YES;
				CLANG_WARN_INFINITE_RECURSION = YES;
				CLANG_WARN_INT_CONVERSION = YES;
				CLANG_WARN_NON_LITERAL_NULL_CONVERSION = YES;
				CLANG_WARN_OBJC_IMPLICIT_RETAIN_SELF = YES;
				CLANG_WARN_OBJC_LITERAL_CONVERSION = YES;
				CLANG_WARN_OBJC_ROOT_CLASS = YES_ERROR;
				CLANG_WARN_RANGE_LOOP_ANALYSIS = YES;
				CLANG_WARN_STRICT_PROTOTYPES = YES;
				CLANG_WARN_SUSPICIOUS_MOVE = YES;
				CLANG_WARN_UNGUARDED_AVAILABILITY = YES_AGGRESSIVE;
				CLANG_WARN_UNREACHABLE_CODE = YES;
				CLANG_WARN__DUPLICATE_METHOD_MATCH = YES;
				CODE_SIGN_IDENTITY = "-";
				COPY_PHASE_STRIP = NO;
				DEBUG_INFORMATION_FORMAT = dwarf;
				ENABLE_STRICT_OBJC_MSGSEND = YES;
				ENABLE_TESTABILITY = YES;
				GCC_C_LANGUAGE_STANDARD = gnu11;
				GCC_DYNAMIC_NO_PIC = NO;
				GCC_NO_COMMON_BLOCKS = YES;
				GCC_OPTIMIZATION_LEVEL = 0;
				GCC_PREPROCESSOR_DEFINITIONS = (
					"DEBUG=1",
					"$(inherited)",
				);
				GCC_WARN_64_TO_32_BIT_CONVERSION = YES;
				GCC_WARN_ABOUT_RETURN_TYPE = YES_ERROR;
				GCC_WARN_UNDECLARED_SELECTOR = YES;
				GCC_WARN_UNINITIALIZED_AUTOS = YES_AGGRESSIVE;
				GCC_WARN_UNUSED_FUNCTION = YES;
				GCC_WARN_UNUSED_VARIABLE = YES;
				MACOSX_DEPLOYMENT_TARGET = 10.14;
				MTL_ENABLE_DEBUG_INFO = INCLUDE_SOURCE;
				MTL_FAST_MATH = YES;
				ONLY_ACTIVE_ARCH = YES;
				SDKROOT = macosx;
			};
			name = Debug;
		};
		85C76DAD23265B6800B7C739 /* Release */ = {
			isa = XCBuildConfiguration;
			buildSettings = {
				ALWAYS_SEARCH_USER_PATHS = NO;
				CLANG_ANALYZER_NONNULL = YES;
				CLANG_ANALYZER_NUMBER_OBJECT_CONVERSION = YES_AGGRESSIVE;
				CLANG_CXX_LANGUAGE_STANDARD = "gnu++14";
				CLANG_CXX_LIBRARY = "libc++";
				CLANG_ENABLE_MODULES = YES;
				CLANG_ENABLE_OBJC_ARC = YES;
				CLANG_ENABLE_OBJC_WEAK = YES;
				CLANG_WARN_BLOCK_CAPTURE_AUTORELEASING = YES;
				CLANG_WARN_BOOL_CONVERSION = YES;
				CLANG_WARN_COMMA = YES;
				CLANG_WARN_CONSTANT_CONVERSION = YES;
				CLANG_WARN_DEPRECATED_OBJC_IMPLEMENTATIONS = YES;
				CLANG_WARN_DIRECT_OBJC_ISA_USAGE = YES_ERROR;
				CLANG_WARN_DOCUMENTATION_COMMENTS = YES;
				CLANG_WARN_EMPTY_BODY = YES;
				CLANG_WARN_ENUM_CONVERSION = YES;
				CLANG_WARN_INFINITE_RECURSION = YES;
				CLANG_WARN_INT_CONVERSION = YES;
				CLANG_WARN_NON_LITERAL_NULL_CONVERSION = YES;
				CLANG_WARN_OBJC_IMPLICIT_RETAIN_SELF = YES;
				CLANG_WARN_OBJC_LITERAL_CONVERSION = YES;
				CLANG_WARN_OBJC_ROOT_CLASS = YES_ERROR;
				CLANG_WARN_RANGE_LOOP_ANALYSIS = YES;
				CLANG_WARN_STRICT_PROTOTYPES = YES;
				CLANG_WARN_SUSPICIOUS_MOVE = YES;
				CLANG_WARN_UNGUARDED_AVAILABILITY = YES_AGGRESSIVE;
				CLANG_WARN_UNREACHABLE_CODE = YES;
				CLANG_WARN__DUPLICATE_METHOD_MATCH = YES;
				CODE_SIGN_IDENTITY = "-";
				COPY_PHASE_STRIP = NO;
				DEBUG_INFORMATION_FORMAT = "dwarf-with-dsym";
				ENABLE_NS_ASSERTIONS = NO;
				ENABLE_STRICT_OBJC_MSGSEND = YES;
				GCC_C_LANGUAGE_STANDARD = gnu11;
				GCC_NO_COMMON_BLOCKS = YES;
				GCC_WARN_64_TO_32_BIT_CONVERSION = YES;
				GCC_WARN_ABOUT_RETURN_TYPE = YES_ERROR;
				GCC_WARN_UNDECLARED_SELECTOR = YES;
				GCC_WARN_UNINITIALIZED_AUTOS = YES_AGGRESSIVE;
				GCC_WARN_UNUSED_FUNCTION = YES;
				GCC_WARN_UNUSED_VARIABLE = YES;
				MACOSX_DEPLOYMENT_TARGET = 10.14;
				MTL_ENABLE_DEBUG_INFO = NO;
				MTL_FAST_MATH = YES;
				SDKROOT = macosx;
			};
			name = Release;
		};
		85C76DAF23265B6800B7C739 /* Debug */ = {
			isa = XCBuildConfiguration;
			buildSettings = {
				CODE_SIGN_STYLE = Automatic;
				HEADER_SEARCH_PATHS = /usr/local/include;
				LIBRARY_SEARCH_PATHS = (
					"$(inherited)",
					/usr/local/Cellar/sdl2/2.0.10/lib,
				);
				PRODUCT_NAME = "$(TARGET_NAME)";
			};
			name = Debug;
		};
		85C76DB023265B6800B7C739 /* Release */ = {
			isa = XCBuildConfiguration;
			buildSettings = {
				CODE_SIGN_STYLE = Automatic;
				HEADER_SEARCH_PATHS = /usr/local/include;
				LIBRARY_SEARCH_PATHS = (
					"$(inherited)",
					/usr/local/Cellar/sdl2/2.0.10/lib,
				);
				PRODUCT_NAME = "$(TARGET_NAME)";
			};
			name = Release;
		};
/* End XCBuildConfiguration section */

/* Begin XCConfigurationList section */
		85C76DA223265B6800B7C739 /* Build configuration list for PBXProject "tetris" */ = {
			isa = XCConfigurationList;
			buildConfigurations = (
				85C76DAC23265B6800B7C739 /* Debug */,
				85C76DAD23265B6800B7C739 /* Release */,
			);
			defaultConfigurationIsVisible = 0;
			defaultConfigurationName = Release;
		};
		85C76DAE23265B6800B7C739 /* Build configuration list for PBXNativeTarget "tetris" */ = {
			isa = XCConfigurationList;
			buildConfigurations = (
				85C76DAF23265B6800B7C739 /* Debug */,
				85C76DB023265B6800B7C739 /* Release */,
			);
			defaultConfigurationIsVisible = 0;
			defaultConfigurationName = Release;
		};
/* End XCConfigurationList section */
	};
	rootObject = 85C76D9F23265B6800B7C739 /* Project object */;
}
